
Microsoft Visual Studio Solution File, Format Version 12.00
# Visual Studio 15
VisualStudioVersion = 15.0.28307.329
MinimumVisualStudioVersion = 10.0.40219.1
Project("{FAE04EC0-301F-11D3-BF4B-00C04F79EFBC}") = "Exo2", "Exo2\Exo2.csproj", "{A1BA8C7A-0855-4F0B-8D48-F6DB7518E645}"
EndProject
Global
	GlobalSection(SolutionConfigurationPlatforms) = preSolution
		Debug|Any CPU = Debug|Any CPU
		Release|Any CPU = Release|Any CPU
	EndGlobalSection
	GlobalSection(ProjectConfigurationPlatforms) = postSolution
		{A1BA8C7A-0855-4F0B-8D48-F6DB7518E645}.Debug|Any CPU.ActiveCfg = Debug|Any CPU
		{A1BA8C7A-0855-4F0B-8D48-F6DB7518E645}.Debug|Any CPU.Build.0 = Debug|Any CPU
		{A1BA8C7A-0855-4F0B-8D48-F6DB7518E645}.Release|Any CPU.ActiveCfg = Release|Any CPU
		{A1BA8C7A-0855-4F0B-8D48-F6DB7518E645}.Release|Any CPU.Build.0 = Release|Any CPU
	EndGlobalSection
	GlobalSection(SolutionProperties) = preSolution
		HideSolutionNode = FALSE
	EndGlobalSection
	GlobalSection(ExtensibilityGlobals) = postSolution
		SolutionGuid = {176F473D-901F-4DF8-B113-1E3C03FB6D86}
	EndGlobalSection
EndGlobal
