
Microsoft Visual Studio Solution File, Format Version 12.00
# Visual Studio 15
VisualStudioVersion = 15.0.28307.329
MinimumVisualStudioVersion = 10.0.40219.1
Project("{FAE04EC0-301F-11D3-BF4B-00C04F79EFBC}") = "exo2-jq", "exo2-jq\exo2-jq.csproj", "{BFC4E537-DC48-4B39-B642-BD150373101F}"
EndProject
Global
	GlobalSection(SolutionConfigurationPlatforms) = preSolution
		Debug|Any CPU = Debug|Any CPU
		Release|Any CPU = Release|Any CPU
	EndGlobalSection
	GlobalSection(ProjectConfigurationPlatforms) = postSolution
		{BFC4E537-DC48-4B39-B642-BD150373101F}.Debug|Any CPU.ActiveCfg = Debug|Any CPU
		{BFC4E537-DC48-4B39-B642-BD150373101F}.Debug|Any CPU.Build.0 = Debug|Any CPU
		{BFC4E537-DC48-4B39-B642-BD150373101F}.Release|Any CPU.ActiveCfg = Release|Any CPU
		{BFC4E537-DC48-4B39-B642-BD150373101F}.Release|Any CPU.Build.0 = Release|Any CPU
	EndGlobalSection
	GlobalSection(SolutionProperties) = preSolution
		HideSolutionNode = FALSE
	EndGlobalSection
	GlobalSection(ExtensibilityGlobals) = postSolution
		SolutionGuid = {96C617A9-E05F-40B1-8183-F6D1CFC6E0E9}
	EndGlobalSection
EndGlobal
