
Microsoft Visual Studio Solution File, Format Version 12.00
# Visual Studio 15
VisualStudioVersion = 15.0.28307.329
MinimumVisualStudioVersion = 10.0.40219.1
Project("{FAE04EC0-301F-11D3-BF4B-00C04F79EFBC}") = "exo1-jq", "exo1-jq\exo1-jq.csproj", "{423FE968-FD9C-41AA-A38D-D8528AE615F8}"
EndProject
Global
	GlobalSection(SolutionConfigurationPlatforms) = preSolution
		Debug|Any CPU = Debug|Any CPU
		Release|Any CPU = Release|Any CPU
	EndGlobalSection
	GlobalSection(ProjectConfigurationPlatforms) = postSolution
		{423FE968-FD9C-41AA-A38D-D8528AE615F8}.Debug|Any CPU.ActiveCfg = Debug|Any CPU
		{423FE968-FD9C-41AA-A38D-D8528AE615F8}.Debug|Any CPU.Build.0 = Debug|Any CPU
		{423FE968-FD9C-41AA-A38D-D8528AE615F8}.Release|Any CPU.ActiveCfg = Release|Any CPU
		{423FE968-FD9C-41AA-A38D-D8528AE615F8}.Release|Any CPU.Build.0 = Release|Any CPU
	EndGlobalSection
	GlobalSection(SolutionProperties) = preSolution
		HideSolutionNode = FALSE
	EndGlobalSection
	GlobalSection(ExtensibilityGlobals) = postSolution
		SolutionGuid = {34C47E50-ABA4-4A6F-9E39-621197B03926}
	EndGlobalSection
EndGlobal
