
Microsoft Visual Studio Solution File, Format Version 12.00
# Visual Studio 15
VisualStudioVersion = 15.0.28307.329
MinimumVisualStudioVersion = 10.0.40219.1
Project("{FAE04EC0-301F-11D3-BF4B-00C04F79EFBC}") = "exo8-jq", "exo8-jq\exo8-jq.csproj", "{BE680AF1-4DD5-4386-9440-37E1FDAC43C8}"
EndProject
Global
	GlobalSection(SolutionConfigurationPlatforms) = preSolution
		Debug|Any CPU = Debug|Any CPU
		Release|Any CPU = Release|Any CPU
	EndGlobalSection
	GlobalSection(ProjectConfigurationPlatforms) = postSolution
		{BE680AF1-4DD5-4386-9440-37E1FDAC43C8}.Debug|Any CPU.ActiveCfg = Debug|Any CPU
		{BE680AF1-4DD5-4386-9440-37E1FDAC43C8}.Debug|Any CPU.Build.0 = Debug|Any CPU
		{BE680AF1-4DD5-4386-9440-37E1FDAC43C8}.Release|Any CPU.ActiveCfg = Release|Any CPU
		{BE680AF1-4DD5-4386-9440-37E1FDAC43C8}.Release|Any CPU.Build.0 = Release|Any CPU
	EndGlobalSection
	GlobalSection(SolutionProperties) = preSolution
		HideSolutionNode = FALSE
	EndGlobalSection
	GlobalSection(ExtensibilityGlobals) = postSolution
		SolutionGuid = {DFB06D30-BF2F-4D7D-9511-EF39469692EB}
	EndGlobalSection
EndGlobal
