
Microsoft Visual Studio Solution File, Format Version 12.00
# Visual Studio 15
VisualStudioVersion = 15.0.28307.329
MinimumVisualStudioVersion = 10.0.40219.1
Project("{FAE04EC0-301F-11D3-BF4B-00C04F79EFBC}") = "exobonus1-jq", "exobonus1-jq\exobonus1-jq.csproj", "{BED6419A-0FE5-4A53-A6DE-3EF5BBC5A12D}"
EndProject
Global
	GlobalSection(SolutionConfigurationPlatforms) = preSolution
		Debug|Any CPU = Debug|Any CPU
		Release|Any CPU = Release|Any CPU
	EndGlobalSection
	GlobalSection(ProjectConfigurationPlatforms) = postSolution
		{BED6419A-0FE5-4A53-A6DE-3EF5BBC5A12D}.Debug|Any CPU.ActiveCfg = Debug|Any CPU
		{BED6419A-0FE5-4A53-A6DE-3EF5BBC5A12D}.Debug|Any CPU.Build.0 = Debug|Any CPU
		{BED6419A-0FE5-4A53-A6DE-3EF5BBC5A12D}.Release|Any CPU.ActiveCfg = Release|Any CPU
		{BED6419A-0FE5-4A53-A6DE-3EF5BBC5A12D}.Release|Any CPU.Build.0 = Release|Any CPU
	EndGlobalSection
	GlobalSection(SolutionProperties) = preSolution
		HideSolutionNode = FALSE
	EndGlobalSection
	GlobalSection(ExtensibilityGlobals) = postSolution
		SolutionGuid = {4B026B42-FF93-43C7-B19A-DE6F9C6F33E4}
	EndGlobalSection
EndGlobal
