
Microsoft Visual Studio Solution File, Format Version 12.00
# Visual Studio 15
VisualStudioVersion = 15.0.28307.329
MinimumVisualStudioVersion = 10.0.40219.1
Project("{FAE04EC0-301F-11D3-BF4B-00C04F79EFBC}") = "exo2-js", "exo2-js\exo2-js.csproj", "{9423627A-9B7A-43C8-B862-668A7DBA7DAE}"
EndProject
Global
	GlobalSection(SolutionConfigurationPlatforms) = preSolution
		Debug|Any CPU = Debug|Any CPU
		Release|Any CPU = Release|Any CPU
	EndGlobalSection
	GlobalSection(ProjectConfigurationPlatforms) = postSolution
		{9423627A-9B7A-43C8-B862-668A7DBA7DAE}.Debug|Any CPU.ActiveCfg = Debug|Any CPU
		{9423627A-9B7A-43C8-B862-668A7DBA7DAE}.Debug|Any CPU.Build.0 = Debug|Any CPU
		{9423627A-9B7A-43C8-B862-668A7DBA7DAE}.Release|Any CPU.ActiveCfg = Release|Any CPU
		{9423627A-9B7A-43C8-B862-668A7DBA7DAE}.Release|Any CPU.Build.0 = Release|Any CPU
	EndGlobalSection
	GlobalSection(SolutionProperties) = preSolution
		HideSolutionNode = FALSE
	EndGlobalSection
	GlobalSection(ExtensibilityGlobals) = postSolution
		SolutionGuid = {94D6049D-8174-4FA8-952F-C5430692C34D}
	EndGlobalSection
EndGlobal
