
Microsoft Visual Studio Solution File, Format Version 12.00
# Visual Studio 15
VisualStudioVersion = 15.0.28307.329
MinimumVisualStudioVersion = 10.0.40219.1
Project("{FAE04EC0-301F-11D3-BF4B-00C04F79EFBC}") = "Projet - Panier JQuery", "Projet - Panier JQuery\Projet - Panier JQuery.csproj", "{D84EEA43-7F7E-4532-A3DC-A6913B6BC18B}"
EndProject
Global
	GlobalSection(SolutionConfigurationPlatforms) = preSolution
		Debug|Any CPU = Debug|Any CPU
		Release|Any CPU = Release|Any CPU
	EndGlobalSection
	GlobalSection(ProjectConfigurationPlatforms) = postSolution
		{D84EEA43-7F7E-4532-A3DC-A6913B6BC18B}.Debug|Any CPU.ActiveCfg = Debug|Any CPU
		{D84EEA43-7F7E-4532-A3DC-A6913B6BC18B}.Debug|Any CPU.Build.0 = Debug|Any CPU
		{D84EEA43-7F7E-4532-A3DC-A6913B6BC18B}.Release|Any CPU.ActiveCfg = Release|Any CPU
		{D84EEA43-7F7E-4532-A3DC-A6913B6BC18B}.Release|Any CPU.Build.0 = Release|Any CPU
	EndGlobalSection
	GlobalSection(SolutionProperties) = preSolution
		HideSolutionNode = FALSE
	EndGlobalSection
	GlobalSection(ExtensibilityGlobals) = postSolution
		SolutionGuid = {6385396F-22B9-43A1-A909-DF08EB290DBD}
	EndGlobalSection
EndGlobal
