
Microsoft Visual Studio Solution File, Format Version 12.00
# Visual Studio 15
VisualStudioVersion = 15.0.28307.329
MinimumVisualStudioVersion = 10.0.40219.1
Project("{FAE04EC0-301F-11D3-BF4B-00C04F79EFBC}") = "exo2-jq", "exo2-jq\exo2-jq.csproj", "{5334F687-3CF7-4C11-86D8-4B5A7D00D254}"
EndProject
Global
	GlobalSection(SolutionConfigurationPlatforms) = preSolution
		Debug|Any CPU = Debug|Any CPU
		Release|Any CPU = Release|Any CPU
	EndGlobalSection
	GlobalSection(ProjectConfigurationPlatforms) = postSolution
		{5334F687-3CF7-4C11-86D8-4B5A7D00D254}.Debug|Any CPU.ActiveCfg = Debug|Any CPU
		{5334F687-3CF7-4C11-86D8-4B5A7D00D254}.Debug|Any CPU.Build.0 = Debug|Any CPU
		{5334F687-3CF7-4C11-86D8-4B5A7D00D254}.Release|Any CPU.ActiveCfg = Release|Any CPU
		{5334F687-3CF7-4C11-86D8-4B5A7D00D254}.Release|Any CPU.Build.0 = Release|Any CPU
	EndGlobalSection
	GlobalSection(SolutionProperties) = preSolution
		HideSolutionNode = FALSE
	EndGlobalSection
	GlobalSection(ExtensibilityGlobals) = postSolution
		SolutionGuid = {057A5278-1E59-4A79-A01A-DA361FD8FAF1}
	EndGlobalSection
EndGlobal
