
Microsoft Visual Studio Solution File, Format Version 12.00
# Visual Studio 15
VisualStudioVersion = 15.0.28307.329
MinimumVisualStudioVersion = 10.0.40219.1
Project("{FAE04EC0-301F-11D3-BF4B-00C04F79EFBC}") = "exo3-jq", "exo3-jq\exo3-jq.csproj", "{55BB0AD0-3AF6-4EF9-BD93-D3EC3A5E2A7B}"
EndProject
Global
	GlobalSection(SolutionConfigurationPlatforms) = preSolution
		Debug|Any CPU = Debug|Any CPU
		Release|Any CPU = Release|Any CPU
	EndGlobalSection
	GlobalSection(ProjectConfigurationPlatforms) = postSolution
		{55BB0AD0-3AF6-4EF9-BD93-D3EC3A5E2A7B}.Debug|Any CPU.ActiveCfg = Debug|Any CPU
		{55BB0AD0-3AF6-4EF9-BD93-D3EC3A5E2A7B}.Debug|Any CPU.Build.0 = Debug|Any CPU
		{55BB0AD0-3AF6-4EF9-BD93-D3EC3A5E2A7B}.Release|Any CPU.ActiveCfg = Release|Any CPU
		{55BB0AD0-3AF6-4EF9-BD93-D3EC3A5E2A7B}.Release|Any CPU.Build.0 = Release|Any CPU
	EndGlobalSection
	GlobalSection(SolutionProperties) = preSolution
		HideSolutionNode = FALSE
	EndGlobalSection
	GlobalSection(ExtensibilityGlobals) = postSolution
		SolutionGuid = {6F5147E4-B938-47D1-B202-3183DBEFC57E}
	EndGlobalSection
EndGlobal
