
Microsoft Visual Studio Solution File, Format Version 12.00
# Visual Studio 15
VisualStudioVersion = 15.0.28307.329
MinimumVisualStudioVersion = 10.0.40219.1
Project("{FAE04EC0-301F-11D3-BF4B-00C04F79EFBC}") = "exo1-js", "exo1-js\exo1-js.csproj", "{E59567A6-C5CA-4865-BE22-53547AF3976B}"
EndProject
Global
	GlobalSection(SolutionConfigurationPlatforms) = preSolution
		Debug|Any CPU = Debug|Any CPU
		Release|Any CPU = Release|Any CPU
	EndGlobalSection
	GlobalSection(ProjectConfigurationPlatforms) = postSolution
		{E59567A6-C5CA-4865-BE22-53547AF3976B}.Debug|Any CPU.ActiveCfg = Debug|Any CPU
		{E59567A6-C5CA-4865-BE22-53547AF3976B}.Debug|Any CPU.Build.0 = Debug|Any CPU
		{E59567A6-C5CA-4865-BE22-53547AF3976B}.Release|Any CPU.ActiveCfg = Release|Any CPU
		{E59567A6-C5CA-4865-BE22-53547AF3976B}.Release|Any CPU.Build.0 = Release|Any CPU
	EndGlobalSection
	GlobalSection(SolutionProperties) = preSolution
		HideSolutionNode = FALSE
	EndGlobalSection
	GlobalSection(ExtensibilityGlobals) = postSolution
		SolutionGuid = {E6731ABC-BCE7-4A72-AA4F-FFB84A27749D}
	EndGlobalSection
EndGlobal
