
Microsoft Visual Studio Solution File, Format Version 12.00
# Visual Studio 15
VisualStudioVersion = 15.0.28307.329
MinimumVisualStudioVersion = 10.0.40219.1
Project("{FAE04EC0-301F-11D3-BF4B-00C04F79EFBC}") = "exo4-js", "exo4-js\exo4-js.csproj", "{1E4E732D-02DD-459A-B5B2-7090CADB2A13}"
EndProject
Global
	GlobalSection(SolutionConfigurationPlatforms) = preSolution
		Debug|Any CPU = Debug|Any CPU
		Release|Any CPU = Release|Any CPU
	EndGlobalSection
	GlobalSection(ProjectConfigurationPlatforms) = postSolution
		{1E4E732D-02DD-459A-B5B2-7090CADB2A13}.Debug|Any CPU.ActiveCfg = Debug|Any CPU
		{1E4E732D-02DD-459A-B5B2-7090CADB2A13}.Debug|Any CPU.Build.0 = Debug|Any CPU
		{1E4E732D-02DD-459A-B5B2-7090CADB2A13}.Release|Any CPU.ActiveCfg = Release|Any CPU
		{1E4E732D-02DD-459A-B5B2-7090CADB2A13}.Release|Any CPU.Build.0 = Release|Any CPU
	EndGlobalSection
	GlobalSection(SolutionProperties) = preSolution
		HideSolutionNode = FALSE
	EndGlobalSection
	GlobalSection(ExtensibilityGlobals) = postSolution
		SolutionGuid = {98C41F5B-303C-4C3F-B4F8-EAE49874A280}
	EndGlobalSection
EndGlobal
