
Microsoft Visual Studio Solution File, Format Version 12.00
# Visual Studio 15
VisualStudioVersion = 15.0.28307.329
MinimumVisualStudioVersion = 10.0.40219.1
Project("{FAE04EC0-301F-11D3-BF4B-00C04F79EFBC}") = "Exercice 5 - html", "Exercice 5 - html\Exercice 5 - html.csproj", "{F45154D3-AB46-4C41-B5A2-FA8ED3DB2B78}"
EndProject
Global
	GlobalSection(SolutionConfigurationPlatforms) = preSolution
		Debug|Any CPU = Debug|Any CPU
		Release|Any CPU = Release|Any CPU
	EndGlobalSection
	GlobalSection(ProjectConfigurationPlatforms) = postSolution
		{F45154D3-AB46-4C41-B5A2-FA8ED3DB2B78}.Debug|Any CPU.ActiveCfg = Debug|Any CPU
		{F45154D3-AB46-4C41-B5A2-FA8ED3DB2B78}.Debug|Any CPU.Build.0 = Debug|Any CPU
		{F45154D3-AB46-4C41-B5A2-FA8ED3DB2B78}.Release|Any CPU.ActiveCfg = Release|Any CPU
		{F45154D3-AB46-4C41-B5A2-FA8ED3DB2B78}.Release|Any CPU.Build.0 = Release|Any CPU
	EndGlobalSection
	GlobalSection(SolutionProperties) = preSolution
		HideSolutionNode = FALSE
	EndGlobalSection
	GlobalSection(ExtensibilityGlobals) = postSolution
		SolutionGuid = {68A6FA01-A28F-4410-BDCB-C72852866FE7}
	EndGlobalSection
EndGlobal
