
Microsoft Visual Studio Solution File, Format Version 12.00
# Visual Studio 15
VisualStudioVersion = 15.0.28307.329
MinimumVisualStudioVersion = 10.0.40219.1
Project("{FAE04EC0-301F-11D3-BF4B-00C04F79EFBC}") = "Exercice 3 - Bootstrap", "Exercice 3 - Bootstrap\Exercice 3 - Bootstrap.csproj", "{EDBF9B52-89BE-4DA5-9A0D-AD8B9F697007}"
EndProject
Global
	GlobalSection(SolutionConfigurationPlatforms) = preSolution
		Debug|Any CPU = Debug|Any CPU
		Release|Any CPU = Release|Any CPU
	EndGlobalSection
	GlobalSection(ProjectConfigurationPlatforms) = postSolution
		{EDBF9B52-89BE-4DA5-9A0D-AD8B9F697007}.Debug|Any CPU.ActiveCfg = Debug|Any CPU
		{EDBF9B52-89BE-4DA5-9A0D-AD8B9F697007}.Debug|Any CPU.Build.0 = Debug|Any CPU
		{EDBF9B52-89BE-4DA5-9A0D-AD8B9F697007}.Release|Any CPU.ActiveCfg = Release|Any CPU
		{EDBF9B52-89BE-4DA5-9A0D-AD8B9F697007}.Release|Any CPU.Build.0 = Release|Any CPU
	EndGlobalSection
	GlobalSection(SolutionProperties) = preSolution
		HideSolutionNode = FALSE
	EndGlobalSection
	GlobalSection(ExtensibilityGlobals) = postSolution
		SolutionGuid = {BEC04F20-7761-4CD6-A632-29F2A2DDB9A7}
	EndGlobalSection
EndGlobal
